
Microsoft Visual Studio Solution File, Format Version 12.00
# Visual Studio Version 17
VisualStudioVersion = 17.13.35818.85 d17.13
MinimumVisualStudioVersion = 10.0.40219.1
Project("{FAE04EC0-301F-11D3-BF4B-00C04F79EFBC}") = "InsuraTech.API", "InsuraTech.API\InsuraTech.API.csproj", "{F8AFF538-AFD9-4562-BE94-9F9E77C0A6B6}"
EndProject
Global
	GlobalSection(SolutionConfigurationPlatforms) = preSolution
		Debug|Any CPU = Debug|Any CPU
		Release|Any CPU = Release|Any CPU
	EndGlobalSection
	GlobalSection(ProjectConfigurationPlatforms) = postSolution
		{F8AFF538-AFD9-4562-BE94-9F9E77C0A6B6}.Debug|Any CPU.ActiveCfg = Debug|Any CPU
		{F8AFF538-AFD9-4562-BE94-9F9E77C0A6B6}.Debug|Any CPU.Build.0 = Debug|Any CPU
		{F8AFF538-AFD9-4562-BE94-9F9E77C0A6B6}.Release|Any CPU.ActiveCfg = Release|Any CPU
		{F8AFF538-AFD9-4562-BE94-9F9E77C0A6B6}.Release|Any CPU.Build.0 = Release|Any CPU
	EndGlobalSection
	GlobalSection(SolutionProperties) = preSolution
		HideSolutionNode = FALSE
	EndGlobalSection
	GlobalSection(ExtensibilityGlobals) = postSolution
		SolutionGuid = {4C5E5F92-ED2A-4591-8CB7-5F795E771B3F}
	EndGlobalSection
EndGlobal
