
Microsoft Visual Studio Solution File, Format Version 12.00
# Visual Studio Version 17
VisualStudioVersion = 17.13.35818.85
MinimumVisualStudioVersion = 10.0.40219.1
Project("{FAE04EC0-301F-11D3-BF4B-00C04F79EFBC}") = "InsuraTech.API", "InsuraTech.API\InsuraTech.API.csproj", "{F8AFF538-AFD9-4562-BE94-9F9E77C0A6B6}"
EndProject
Project("{FAE04EC0-301F-11D3-BF4B-00C04F79EFBC}") = "InsuraTech.Model", "InsuraTech.Model\InsuraTech.Model.csproj", "{E153FA52-2F19-470D-90C7-EA4CCCDFED04}"
EndProject
Project("{FAE04EC0-301F-11D3-BF4B-00C04F79EFBC}") = "InsuraTech.Services", "InsuraTech.Services\InsuraTech.Services.csproj", "{918DF3F8-96E5-410A-A65F-4B0A36272E2C}"
EndProject
Project("{FAE04EC0-301F-11D3-BF4B-00C04F79EFBC}") = "InsuraTech.Subscriber", "InsuraTech.Subscriber\InsuraTech.Subscriber.csproj", "{A6FFC440-3016-4D29-B3F4-5A02EEB0BCBC}"
EndProject
Global
	GlobalSection(SolutionConfigurationPlatforms) = preSolution
		Debug|Any CPU = Debug|Any CPU
		Release|Any CPU = Release|Any CPU
	EndGlobalSection
	GlobalSection(ProjectConfigurationPlatforms) = postSolution
		{F8AFF538-AFD9-4562-BE94-9F9E77C0A6B6}.Debug|Any CPU.ActiveCfg = Debug|Any CPU
		{F8AFF538-AFD9-4562-BE94-9F9E77C0A6B6}.Debug|Any CPU.Build.0 = Debug|Any CPU
		{F8AFF538-AFD9-4562-BE94-9F9E77C0A6B6}.Release|Any CPU.ActiveCfg = Release|Any CPU
		{F8AFF538-AFD9-4562-BE94-9F9E77C0A6B6}.Release|Any CPU.Build.0 = Release|Any CPU
		{E153FA52-2F19-470D-90C7-EA4CCCDFED04}.Debug|Any CPU.ActiveCfg = Debug|Any CPU
		{E153FA52-2F19-470D-90C7-EA4CCCDFED04}.Debug|Any CPU.Build.0 = Debug|Any CPU
		{E153FA52-2F19-470D-90C7-EA4CCCDFED04}.Release|Any CPU.ActiveCfg = Release|Any CPU
		{E153FA52-2F19-470D-90C7-EA4CCCDFED04}.Release|Any CPU.Build.0 = Release|Any CPU
		{918DF3F8-96E5-410A-A65F-4B0A36272E2C}.Debug|Any CPU.ActiveCfg = Debug|Any CPU
		{918DF3F8-96E5-410A-A65F-4B0A36272E2C}.Debug|Any CPU.Build.0 = Debug|Any CPU
		{918DF3F8-96E5-410A-A65F-4B0A36272E2C}.Release|Any CPU.ActiveCfg = Release|Any CPU
		{918DF3F8-96E5-410A-A65F-4B0A36272E2C}.Release|Any CPU.Build.0 = Release|Any CPU
		{A6FFC440-3016-4D29-B3F4-5A02EEB0BCBC}.Debug|Any CPU.ActiveCfg = Debug|Any CPU
		{A6FFC440-3016-4D29-B3F4-5A02EEB0BCBC}.Debug|Any CPU.Build.0 = Debug|Any CPU
		{A6FFC440-3016-4D29-B3F4-5A02EEB0BCBC}.Release|Any CPU.ActiveCfg = Release|Any CPU
		{A6FFC440-3016-4D29-B3F4-5A02EEB0BCBC}.Release|Any CPU.Build.0 = Release|Any CPU
	EndGlobalSection
	GlobalSection(SolutionProperties) = preSolution
		HideSolutionNode = FALSE
	EndGlobalSection
	GlobalSection(ExtensibilityGlobals) = postSolution
		SolutionGuid = {4C5E5F92-ED2A-4591-8CB7-5F795E771B3F}
	EndGlobalSection
EndGlobal
